
Microsoft Visual Studio Solution File, Format Version 12.00
# Visual Studio 14
VisualStudioVersion = 14.0.24720.0
MinimumVisualStudioVersion = 10.0.40219.1
Project("{8BC9CEB8-8B4A-11D0-8D11-00A0C91BC942}") = "DirectXTexNetImpl", "src\DirectXTexNetImpl\DirectXTexNetImpl.vcxproj", "{C92A44E6-5563-46A5-83A7-EB700EB75A8D}"
EndProject
Project("{8BC9CEB8-8B4A-11D0-8D11-00A0C91BC942}") = "DirectXTex", "src\DirectXTex\DirectXTex\DirectXTex_Desktop_2015.vcxproj", "{371B9FA9-4C90-4AC6-A123-ACED756D6C77}"
EndProject
Project("{FAE04EC0-301F-11D3-BF4B-00C04F79EFBC}") = "DirectXTexNet.Test", "test\DirectXTexNet.Test\DirectXTexNet.Test.csproj", "{3304455A-F4E3-424C-B79A-25A475A5428C}"
EndProject
Project("{2150E333-8FDC-42A3-9474-1A3956D46DE8}") = "Solution Items", "Solution Items", "{E0B2971D-140E-4689-B031-A6BF3108148D}"
	ProjectSection(SolutionItems) = preProject
		.gitattributes = .gitattributes
		.gitignore = .gitignore
		appveyor.yml = appveyor.yml
	EndProjectSection
EndProject
Project("{FAE04EC0-301F-11D3-BF4B-00C04F79EFBC}") = "DirectXTexNet", "src\DirectXTexNet\DirectXTexNet.csproj", "{9AF17A49-3BAD-43D6-90C9-D2280282BB7F}"
	ProjectSection(ProjectDependencies) = postProject
		{C92A44E6-5563-46A5-83A7-EB700EB75A8D} = {C92A44E6-5563-46A5-83A7-EB700EB75A8D}
	EndProjectSection
EndProject
Project("{FAE04EC0-301F-11D3-BF4B-00C04F79EFBC}") = "DirectXTexInterfaces", "src\DirectXTexInterfaces\DirectXTexInterfaces.csproj", "{98495BF2-DED3-4E08-B965-C12D471BC86F}"
EndProject
Global
	GlobalSection(SolutionConfigurationPlatforms) = preSolution
		Debug|Any CPU = Debug|Any CPU
		Debug|x64 = Debug|x64
		Debug|x86 = Debug|x86
		Release|Any CPU = Release|Any CPU
		Release|x64 = Release|x64
		Release|x86 = Release|x86
	EndGlobalSection
	GlobalSection(ProjectConfigurationPlatforms) = postSolution
		{C92A44E6-5563-46A5-83A7-EB700EB75A8D}.Debug|Any CPU.ActiveCfg = Debug|Win32
		{C92A44E6-5563-46A5-83A7-EB700EB75A8D}.Debug|Any CPU.Build.0 = Debug|Win32
		{C92A44E6-5563-46A5-83A7-EB700EB75A8D}.Debug|x64.ActiveCfg = Debug|x64
		{C92A44E6-5563-46A5-83A7-EB700EB75A8D}.Debug|x64.Build.0 = Debug|x64
		{C92A44E6-5563-46A5-83A7-EB700EB75A8D}.Debug|x86.ActiveCfg = Debug|Win32
		{C92A44E6-5563-46A5-83A7-EB700EB75A8D}.Debug|x86.Build.0 = Debug|Win32
		{C92A44E6-5563-46A5-83A7-EB700EB75A8D}.Release|Any CPU.ActiveCfg = Release|Win32
		{C92A44E6-5563-46A5-83A7-EB700EB75A8D}.Release|Any CPU.Build.0 = Release|Win32
		{C92A44E6-5563-46A5-83A7-EB700EB75A8D}.Release|x64.ActiveCfg = Release|x64
		{C92A44E6-5563-46A5-83A7-EB700EB75A8D}.Release|x64.Build.0 = Release|x64
		{C92A44E6-5563-46A5-83A7-EB700EB75A8D}.Release|x86.ActiveCfg = Release|Win32
		{C92A44E6-5563-46A5-83A7-EB700EB75A8D}.Release|x86.Build.0 = Release|Win32
		{371B9FA9-4C90-4AC6-A123-ACED756D6C77}.Debug|Any CPU.ActiveCfg = Debug|Win32
		{371B9FA9-4C90-4AC6-A123-ACED756D6C77}.Debug|Any CPU.Build.0 = Debug|Win32
		{371B9FA9-4C90-4AC6-A123-ACED756D6C77}.Debug|x64.ActiveCfg = Debug|x64
		{371B9FA9-4C90-4AC6-A123-ACED756D6C77}.Debug|x64.Build.0 = Debug|x64
		{371B9FA9-4C90-4AC6-A123-ACED756D6C77}.Debug|x86.ActiveCfg = Debug|Win32
		{371B9FA9-4C90-4AC6-A123-ACED756D6C77}.Debug|x86.Build.0 = Debug|Win32
		{371B9FA9-4C90-4AC6-A123-ACED756D6C77}.Release|Any CPU.ActiveCfg = Release|Win32
		{371B9FA9-4C90-4AC6-A123-ACED756D6C77}.Release|Any CPU.Build.0 = Release|Win32
		{371B9FA9-4C90-4AC6-A123-ACED756D6C77}.Release|x64.ActiveCfg = Release|x64
		{371B9FA9-4C90-4AC6-A123-ACED756D6C77}.Release|x64.Build.0 = Release|x64
		{371B9FA9-4C90-4AC6-A123-ACED756D6C77}.Release|x86.ActiveCfg = Release|Win32
		{371B9FA9-4C90-4AC6-A123-ACED756D6C77}.Release|x86.Build.0 = Release|Win32
		{3304455A-F4E3-424C-B79A-25A475A5428C}.Debug|Any CPU.ActiveCfg = Debug|Any CPU
		{3304455A-F4E3-424C-B79A-25A475A5428C}.Debug|Any CPU.Build.0 = Debug|Any CPU
		{3304455A-F4E3-424C-B79A-25A475A5428C}.Debug|x64.ActiveCfg = Debug|x64
		{3304455A-F4E3-424C-B79A-25A475A5428C}.Debug|x64.Build.0 = Debug|x64
		{3304455A-F4E3-424C-B79A-25A475A5428C}.Debug|x86.ActiveCfg = Debug|x86
		{3304455A-F4E3-424C-B79A-25A475A5428C}.Debug|x86.Build.0 = Debug|x86
		{3304455A-F4E3-424C-B79A-25A475A5428C}.Release|Any CPU.ActiveCfg = Release|Any CPU
		{3304455A-F4E3-424C-B79A-25A475A5428C}.Release|Any CPU.Build.0 = Release|Any CPU
		{3304455A-F4E3-424C-B79A-25A475A5428C}.Release|x64.ActiveCfg = Release|x64
		{3304455A-F4E3-424C-B79A-25A475A5428C}.Release|x64.Build.0 = Release|x64
		{3304455A-F4E3-424C-B79A-25A475A5428C}.Release|x86.ActiveCfg = Release|x86
		{3304455A-F4E3-424C-B79A-25A475A5428C}.Release|x86.Build.0 = Release|x86
		{9AF17A49-3BAD-43D6-90C9-D2280282BB7F}.Debug|Any CPU.ActiveCfg = Debug|Any CPU
		{9AF17A49-3BAD-43D6-90C9-D2280282BB7F}.Debug|Any CPU.Build.0 = Debug|Any CPU
		{9AF17A49-3BAD-43D6-90C9-D2280282BB7F}.Debug|x64.ActiveCfg = Debug|Any CPU
		{9AF17A49-3BAD-43D6-90C9-D2280282BB7F}.Debug|x64.Build.0 = Debug|Any CPU
		{9AF17A49-3BAD-43D6-90C9-D2280282BB7F}.Debug|x86.ActiveCfg = Debug|Any CPU
		{9AF17A49-3BAD-43D6-90C9-D2280282BB7F}.Debug|x86.Build.0 = Debug|Any CPU
		{9AF17A49-3BAD-43D6-90C9-D2280282BB7F}.Release|Any CPU.ActiveCfg = Release|Any CPU
		{9AF17A49-3BAD-43D6-90C9-D2280282BB7F}.Release|Any CPU.Build.0 = Release|Any CPU
		{9AF17A49-3BAD-43D6-90C9-D2280282BB7F}.Release|x64.ActiveCfg = Release|Any CPU
		{9AF17A49-3BAD-43D6-90C9-D2280282BB7F}.Release|x64.Build.0 = Release|Any CPU
		{9AF17A49-3BAD-43D6-90C9-D2280282BB7F}.Release|x86.ActiveCfg = Release|Any CPU
		{9AF17A49-3BAD-43D6-90C9-D2280282BB7F}.Release|x86.Build.0 = Release|Any CPU
		{98495BF2-DED3-4E08-B965-C12D471BC86F}.Debug|Any CPU.ActiveCfg = Debug|Any CPU
		{98495BF2-DED3-4E08-B965-C12D471BC86F}.Debug|Any CPU.Build.0 = Debug|Any CPU
		{98495BF2-DED3-4E08-B965-C12D471BC86F}.Debug|x64.ActiveCfg = Debug|Any CPU
		{98495BF2-DED3-4E08-B965-C12D471BC86F}.Debug|x64.Build.0 = Debug|Any CPU
		{98495BF2-DED3-4E08-B965-C12D471BC86F}.Debug|x86.ActiveCfg = Debug|Any CPU
		{98495BF2-DED3-4E08-B965-C12D471BC86F}.Debug|x86.Build.0 = Debug|Any CPU
		{98495BF2-DED3-4E08-B965-C12D471BC86F}.Release|Any CPU.ActiveCfg = Release|Any CPU
		{98495BF2-DED3-4E08-B965-C12D471BC86F}.Release|Any CPU.Build.0 = Release|Any CPU
		{98495BF2-DED3-4E08-B965-C12D471BC86F}.Release|x64.ActiveCfg = Release|Any CPU
		{98495BF2-DED3-4E08-B965-C12D471BC86F}.Release|x64.Build.0 = Release|Any CPU
		{98495BF2-DED3-4E08-B965-C12D471BC86F}.Release|x86.ActiveCfg = Release|Any CPU
		{98495BF2-DED3-4E08-B965-C12D471BC86F}.Release|x86.Build.0 = Release|Any CPU
	EndGlobalSection
	GlobalSection(SolutionProperties) = preSolution
		HideSolutionNode = FALSE
	EndGlobalSection
EndGlobal
